// !$*UTF8*$!
{
	archiveVersion = 1;
	classes = {
	};
	objectVersion = 55;
	objects = {

/* Begin PBXBuildFile section */
		69336B5828810B9C00778B27 /* SignLangClassificationView.swift in Sources */ = {isa = PBXBuildFile; fileRef = 69336B5728810B9C00778B27 /* SignLangClassificationView.swift */; };
		695B44AF287D0F2600231694 /* Learning_CoreMLApp.swift in Sources */ = {isa = PBXBuildFile; fileRef = 695B44AE287D0F2600231694 /* Learning_CoreMLApp.swift */; };
		695B44B1287D0F2600231694 /* ImageClassificationView.swift in Sources */ = {isa = PBXBuildFile; fileRef = 695B44B0287D0F2600231694 /* ImageClassificationView.swift */; };
		695B44B3287D0F2800231694 /* Assets.xcassets in Resources */ = {isa = PBXBuildFile; fileRef = 695B44B2287D0F2800231694 /* Assets.xcassets */; };
		695B44B6287D0F2800231694 /* Preview Assets.xcassets in Resources */ = {isa = PBXBuildFile; fileRef = 695B44B5287D0F2800231694 /* Preview Assets.xcassets */; };
		695B44C1287D104600231694 /* SqueezeNet.mlmodel in Sources */ = {isa = PBXBuildFile; fileRef = 695B44C0287D104600231694 /* SqueezeNet.mlmodel */; };
		695B44C5287D182D00231694 /* PhotoButtonGroup.swift in Sources */ = {isa = PBXBuildFile; fileRef = 695B44C4287D182D00231694 /* PhotoButtonGroup.swift */; };
		695B44C7287D245C00231694 /* ImagePicker.swift in Sources */ = {isa = PBXBuildFile; fileRef = 695B44C6287D245C00231694 /* ImagePicker.swift */; };
		695B44C9287D2A5000231694 /* PhotoPicker.swift in Sources */ = {isa = PBXBuildFile; fileRef = 695B44C8287D2A5000231694 /* PhotoPicker.swift */; };
		695B44CC287D317200231694 /* ImageClassification.swift in Sources */ = {isa = PBXBuildFile; fileRef = 695B44CB287D317200231694 /* ImageClassification.swift */; };
		695B44D0287D4D8C00231694 /* ContentViewModel.swift in Sources */ = {isa = PBXBuildFile; fileRef = 695B44CF287D4D8C00231694 /* ContentViewModel.swift */; };
		69783E68287FB2C400520D1D /* HomeView.swift in Sources */ = {isa = PBXBuildFile; fileRef = 69783E67287FB2C400520D1D /* HomeView.swift */; };
		69783E6E287FB70600520D1D /* Module.swift in Sources */ = {isa = PBXBuildFile; fileRef = 69783E6D287FB70600520D1D /* Module.swift */; };
		69783E70287FB7CC00520D1D /* HomeViewModel.swift in Sources */ = {isa = PBXBuildFile; fileRef = 69783E6F287FB7CC00520D1D /* HomeViewModel.swift */; };
/* End PBXBuildFile section */

/* Begin PBXFileReference section */
		69336B5728810B9C00778B27 /* SignLangClassificationView.swift */ = {isa = PBXFileReference; lastKnownFileType = sourcecode.swift; path = SignLangClassificationView.swift; sourceTree = "<group>"; };
		695B44AB287D0F2600231694 /* Learning-CoreML.app */ = {isa = PBXFileReference; explicitFileType = wrapper.application; includeInIndex = 0; path = "Learning-CoreML.app"; sourceTree = BUILT_PRODUCTS_DIR; };
		695B44AE287D0F2600231694 /* Learning_CoreMLApp.swift */ = {isa = PBXFileReference; lastKnownFileType = sourcecode.swift; path = Learning_CoreMLApp.swift; sourceTree = "<group>"; };
		695B44B0287D0F2600231694 /* ImageClassificationView.swift */ = {isa = PBXFileReference; lastKnownFileType = sourcecode.swift; path = ImageClassificationView.swift; sourceTree = "<group>"; };
		695B44B2287D0F2800231694 /* Assets.xcassets */ = {isa = PBXFileReference; lastKnownFileType = folder.assetcatalog; path = Assets.xcassets; sourceTree = "<group>"; };
		695B44B5287D0F2800231694 /* Preview Assets.xcassets */ = {isa = PBXFileReference; lastKnownFileType = folder.assetcatalog; path = "Preview Assets.xcassets"; sourceTree = "<group>"; };
		695B44C0287D104600231694 /* SqueezeNet.mlmodel */ = {isa = PBXFileReference; lastKnownFileType = file.mlmodel; path = SqueezeNet.mlmodel; sourceTree = "<group>"; };
		695B44C4287D182D00231694 /* PhotoButtonGroup.swift */ = {isa = PBXFileReference; lastKnownFileType = sourcecode.swift; path = PhotoButtonGroup.swift; sourceTree = "<group>"; };
		695B44C6287D245C00231694 /* ImagePicker.swift */ = {isa = PBXFileReference; lastKnownFileType = sourcecode.swift; path = ImagePicker.swift; sourceTree = "<group>"; };
		695B44C8287D2A5000231694 /* PhotoPicker.swift */ = {isa = PBXFileReference; lastKnownFileType = sourcecode.swift; path = PhotoPicker.swift; sourceTree = "<group>"; };
		695B44CB287D317200231694 /* ImageClassification.swift */ = {isa = PBXFileReference; lastKnownFileType = sourcecode.swift; path = ImageClassification.swift; sourceTree = "<group>"; };
		695B44CF287D4D8C00231694 /* ContentViewModel.swift */ = {isa = PBXFileReference; lastKnownFileType = sourcecode.swift; path = ContentViewModel.swift; sourceTree = "<group>"; };
		69783E67287FB2C400520D1D /* HomeView.swift */ = {isa = PBXFileReference; lastKnownFileType = sourcecode.swift; path = HomeView.swift; sourceTree = "<group>"; };
		69783E6D287FB70600520D1D /* Module.swift */ = {isa = PBXFileReference; lastKnownFileType = sourcecode.swift; path = Module.swift; sourceTree = "<group>"; };
		69783E6F287FB7CC00520D1D /* HomeViewModel.swift */ = {isa = PBXFileReference; lastKnownFileType = sourcecode.swift; path = HomeViewModel.swift; sourceTree = "<group>"; };
/* End PBXFileReference section */

/* Begin PBXFrameworksBuildPhase section */
		695B44A8287D0F2600231694 /* Frameworks */ = {
			isa = PBXFrameworksBuildPhase;
			buildActionMask = 2147483647;
			files = (
			);
			runOnlyForDeploymentPostprocessing = 0;
		};
/* End PBXFrameworksBuildPhase section */

/* Begin PBXGroup section */
		69336B5528810B6100778B27 /* SignLangClassification */ = {
			isa = PBXGroup;
			children = (
				69336B5628810B7400778B27 /* View */,
			);
			path = SignLangClassification;
			sourceTree = "<group>";
		};
		69336B5628810B7400778B27 /* View */ = {
			isa = PBXGroup;
			children = (
				69336B5728810B9C00778B27 /* SignLangClassificationView.swift */,
			);
			path = View;
			sourceTree = "<group>";
		};
		695B44A2287D0F2600231694 = {
			isa = PBXGroup;
			children = (
				695B44AD287D0F2600231694 /* Learning-CoreML */,
				695B44AC287D0F2600231694 /* Products */,
			);
			sourceTree = "<group>";
		};
		695B44AC287D0F2600231694 /* Products */ = {
			isa = PBXGroup;
			children = (
				695B44AB287D0F2600231694 /* Learning-CoreML.app */,
			);
			name = Products;
			sourceTree = "<group>";
		};
		695B44AD287D0F2600231694 /* Learning-CoreML */ = {
			isa = PBXGroup;
			children = (
				695B44CA287D315B00231694 /* Prediction */,
				695B44C3287D17CA00231694 /* Base */,
				695B44C2287D17C100231694 /* View */,
				695B44BC287D0F3300231694 /* Screens */,
				695B44B2287D0F2800231694 /* Assets.xcassets */,
				695B44B4287D0F2800231694 /* Preview Content */,
			);
			path = "Learning-CoreML";
			sourceTree = "<group>";
		};
		695B44B4287D0F2800231694 /* Preview Content */ = {
			isa = PBXGroup;
			children = (
				695B44B5287D0F2800231694 /* Preview Assets.xcassets */,
			);
			path = "Preview Content";
			sourceTree = "<group>";
		};
		695B44BC287D0F3300231694 /* Screens */ = {
			isa = PBXGroup;
			children = (
				69336B5528810B6100778B27 /* SignLangClassification */,
				69783E69287FB2D400520D1D /* ImageClassification */,
				69783E65287FB2A900520D1D /* Home */,
			);
			path = Screens;
			sourceTree = "<group>";
		};
		695B44BD287D100700231694 /* Model */ = {
			isa = PBXGroup;
			children = (
				695B44C0287D104600231694 /* SqueezeNet.mlmodel */,
			);
			path = Model;
			sourceTree = "<group>";
		};
		695B44C2287D17C100231694 /* View */ = {
			isa = PBXGroup;
			children = (
			);
			path = View;
			sourceTree = "<group>";
		};
		695B44C3287D17CA00231694 /* Base */ = {
			isa = PBXGroup;
			children = (
				695B44AE287D0F2600231694 /* Learning_CoreMLApp.swift */,
			);
			path = Base;
			sourceTree = "<group>";
		};
		695B44CA287D315B00231694 /* Prediction */ = {
			isa = PBXGroup;
			children = (
				695B44CB287D317200231694 /* ImageClassification.swift */,
			);
			path = Prediction;
			sourceTree = "<group>";
		};
		695B44CE287D4D7800231694 /* ViewModel */ = {
			isa = PBXGroup;
			children = (
				695B44CF287D4D8C00231694 /* ContentViewModel.swift */,
			);
			path = ViewModel;
			sourceTree = "<group>";
		};
		69783E65287FB2A900520D1D /* Home */ = {
			isa = PBXGroup;
			children = (
				69783E6C287FB6D600520D1D /* Model */,
				69783E6B287FB6CF00520D1D /* ViewModel */,
				69783E66287FB2B400520D1D /* View */,
			);
			path = Home;
			sourceTree = "<group>";
		};
		69783E66287FB2B400520D1D /* View */ = {
			isa = PBXGroup;
			children = (
				69783E67287FB2C400520D1D /* HomeView.swift */,
			);
			path = View;
			sourceTree = "<group>";
		};
		69783E69287FB2D400520D1D /* ImageClassification */ = {
			isa = PBXGroup;
			children = (
				695B44CE287D4D7800231694 /* ViewModel */,
				695B44BD287D100700231694 /* Model */,
				69783E6A287FB2DF00520D1D /* View */,
			);
			path = ImageClassification;
			sourceTree = "<group>";
		};
		69783E6A287FB2DF00520D1D /* View */ = {
			isa = PBXGroup;
			children = (
				695B44C4287D182D00231694 /* PhotoButtonGroup.swift */,
				695B44C6287D245C00231694 /* ImagePicker.swift */,
				695B44C8287D2A5000231694 /* PhotoPicker.swift */,
				695B44B0287D0F2600231694 /* ImageClassificationView.swift */,
			);
			path = View;
			sourceTree = "<group>";
		};
		69783E6B287FB6CF00520D1D /* ViewModel */ = {
			isa = PBXGroup;
			children = (
				69783E6F287FB7CC00520D1D /* HomeViewModel.swift */,
			);
			path = ViewModel;
			sourceTree = "<group>";
		};
		69783E6C287FB6D600520D1D /* Model */ = {
			isa = PBXGroup;
			children = (
				69783E6D287FB70600520D1D /* Module.swift */,
			);
			path = Model;
			sourceTree = "<group>";
		};
/* End PBXGroup section */

/* Begin PBXNativeTarget section */
		695B44AA287D0F2600231694 /* Learning-CoreML */ = {
			isa = PBXNativeTarget;
			buildConfigurationList = 695B44B9287D0F2800231694 /* Build configuration list for PBXNativeTarget "Learning-CoreML" */;
			buildPhases = (
				695B44A7287D0F2600231694 /* Sources */,
				695B44A8287D0F2600231694 /* Frameworks */,
				695B44A9287D0F2600231694 /* Resources */,
			);
			buildRules = (
			);
			dependencies = (
			);
			name = "Learning-CoreML";
			productName = "Learning-CoreML";
			productReference = 695B44AB287D0F2600231694 /* Learning-CoreML.app */;
			productType = "com.apple.product-type.application";
		};
/* End PBXNativeTarget section */

/* Begin PBXProject section */
		695B44A3287D0F2600231694 /* Project object */ = {
			isa = PBXProject;
			attributes = {
				BuildIndependentTargetsInParallel = 1;
				LastSwiftUpdateCheck = 1320;
				LastUpgradeCheck = 1320;
				TargetAttributes = {
					695B44AA287D0F2600231694 = {
						CreatedOnToolsVersion = 13.2.1;
					};
				};
			};
			buildConfigurationList = 695B44A6287D0F2600231694 /* Build configuration list for PBXProject "Learning-CoreML" */;
			compatibilityVersion = "Xcode 13.0";
			developmentRegion = en;
			hasScannedForEncodings = 0;
			knownRegions = (
				en,
				Base,
			);
			mainGroup = 695B44A2287D0F2600231694;
			productRefGroup = 695B44AC287D0F2600231694 /* Products */;
			projectDirPath = "";
			projectRoot = "";
			targets = (
				695B44AA287D0F2600231694 /* Learning-CoreML */,
			);
		};
/* End PBXProject section */

/* Begin PBXResourcesBuildPhase section */
		695B44A9287D0F2600231694 /* Resources */ = {
			isa = PBXResourcesBuildPhase;
			buildActionMask = 2147483647;
			files = (
				695B44B6287D0F2800231694 /* Preview Assets.xcassets in Resources */,
				695B44B3287D0F2800231694 /* Assets.xcassets in Resources */,
			);
			runOnlyForDeploymentPostprocessing = 0;
		};
/* End PBXResourcesBuildPhase section */

/* Begin PBXSourcesBuildPhase section */
		695B44A7287D0F2600231694 /* Sources */ = {
			isa = PBXSourcesBuildPhase;
			buildActionMask = 2147483647;
			files = (
				69783E68287FB2C400520D1D /* HomeView.swift in Sources */,
				69783E70287FB7CC00520D1D /* HomeViewModel.swift in Sources */,
				695B44D0287D4D8C00231694 /* ContentViewModel.swift in Sources */,
				695B44C5287D182D00231694 /* PhotoButtonGroup.swift in Sources */,
				69783E6E287FB70600520D1D /* Module.swift in Sources */,
				695B44B1287D0F2600231694 /* ImageClassificationView.swift in Sources */,
				695B44C9287D2A5000231694 /* PhotoPicker.swift in Sources */,
				695B44C7287D245C00231694 /* ImagePicker.swift in Sources */,
				695B44CC287D317200231694 /* ImageClassification.swift in Sources */,
				695B44C1287D104600231694 /* SqueezeNet.mlmodel in Sources */,
				69336B5828810B9C00778B27 /* SignLangClassificationView.swift in Sources */,
				695B44AF287D0F2600231694 /* Learning_CoreMLApp.swift in Sources */,
			);
			runOnlyForDeploymentPostprocessing = 0;
		};
/* End PBXSourcesBuildPhase section */

/* Begin XCBuildConfiguration section */
		695B44B7287D0F2800231694 /* Debug */ = {
			isa = XCBuildConfiguration;
			buildSettings = {
				ALWAYS_SEARCH_USER_PATHS = NO;
				CLANG_ANALYZER_NONNULL = YES;
				CLANG_ANALYZER_NUMBER_OBJECT_CONVERSION = YES_AGGRESSIVE;
				CLANG_CXX_LANGUAGE_STANDARD = "gnu++17";
				CLANG_CXX_LIBRARY = "libc++";
				CLANG_ENABLE_MODULES = YES;
				CLANG_ENABLE_OBJC_ARC = YES;
				CLANG_ENABLE_OBJC_WEAK = YES;
				CLANG_WARN_BLOCK_CAPTURE_AUTORELEASING = YES;
				CLANG_WARN_BOOL_CONVERSION = YES;
				CLANG_WARN_COMMA = YES;
				CLANG_WARN_CONSTANT_CONVERSION = YES;
				CLANG_WARN_DEPRECATED_OBJC_IMPLEMENTATIONS = YES;
				CLANG_WARN_DIRECT_OBJC_ISA_USAGE = YES_ERROR;
				CLANG_WARN_DOCUMENTATION_COMMENTS = YES;
				CLANG_WARN_EMPTY_BODY = YES;
				CLANG_WARN_ENUM_CONVERSION = YES;
				CLANG_WARN_INFINITE_RECURSION = YES;
				CLANG_WARN_INT_CONVERSION = YES;
				CLANG_WARN_NON_LITERAL_NULL_CONVERSION = YES;
				CLANG_WARN_OBJC_IMPLICIT_RETAIN_SELF = YES;
				CLANG_WARN_OBJC_LITERAL_CONVERSION = YES;
				CLANG_WARN_OBJC_ROOT_CLASS = YES_ERROR;
				CLANG_WARN_QUOTED_INCLUDE_IN_FRAMEWORK_HEADER = YES;
				CLANG_WARN_RANGE_LOOP_ANALYSIS = YES;
				CLANG_WARN_STRICT_PROTOTYPES = YES;
				CLANG_WARN_SUSPICIOUS_MOVE = YES;
				CLANG_WARN_UNGUARDED_AVAILABILITY = YES_AGGRESSIVE;
				CLANG_WARN_UNREACHABLE_CODE = YES;
				CLANG_WARN__DUPLICATE_METHOD_MATCH = YES;
				COPY_PHASE_STRIP = NO;
				DEBUG_INFORMATION_FORMAT = dwarf;
				ENABLE_STRICT_OBJC_MSGSEND = YES;
				ENABLE_TESTABILITY = YES;
				GCC_C_LANGUAGE_STANDARD = gnu11;
				GCC_DYNAMIC_NO_PIC = NO;
				GCC_NO_COMMON_BLOCKS = YES;
				GCC_OPTIMIZATION_LEVEL = 0;
				GCC_PREPROCESSOR_DEFINITIONS = (
					"DEBUG=1",
					"$(inherited)",
				);
				GCC_WARN_64_TO_32_BIT_CONVERSION = YES;
				GCC_WARN_ABOUT_RETURN_TYPE = YES_ERROR;
				GCC_WARN_UNDECLARED_SELECTOR = YES;
				GCC_WARN_UNINITIALIZED_AUTOS = YES_AGGRESSIVE;
				GCC_WARN_UNUSED_FUNCTION = YES;
				GCC_WARN_UNUSED_VARIABLE = YES;
				IPHONEOS_DEPLOYMENT_TARGET = 15.2;
				MTL_ENABLE_DEBUG_INFO = INCLUDE_SOURCE;
				MTL_FAST_MATH = YES;
				ONLY_ACTIVE_ARCH = YES;
				SDKROOT = iphoneos;
				SWIFT_ACTIVE_COMPILATION_CONDITIONS = DEBUG;
				SWIFT_OPTIMIZATION_LEVEL = "-Onone";
			};
			name = Debug;
		};
		695B44B8287D0F2800231694 /* Release */ = {
			isa = XCBuildConfiguration;
			buildSettings = {
				ALWAYS_SEARCH_USER_PATHS = NO;
				CLANG_ANALYZER_NONNULL = YES;
				CLANG_ANALYZER_NUMBER_OBJECT_CONVERSION = YES_AGGRESSIVE;
				CLANG_CXX_LANGUAGE_STANDARD = "gnu++17";
				CLANG_CXX_LIBRARY = "libc++";
				CLANG_ENABLE_MODULES = YES;
				CLANG_ENABLE_OBJC_ARC = YES;
				CLANG_ENABLE_OBJC_WEAK = YES;
				CLANG_WARN_BLOCK_CAPTURE_AUTORELEASING = YES;
				CLANG_WARN_BOOL_CONVERSION = YES;
				CLANG_WARN_COMMA = YES;
				CLANG_WARN_CONSTANT_CONVERSION = YES;
				CLANG_WARN_DEPRECATED_OBJC_IMPLEMENTATIONS = YES;
				CLANG_WARN_DIRECT_OBJC_ISA_USAGE = YES_ERROR;
				CLANG_WARN_DOCUMENTATION_COMMENTS = YES;
				CLANG_WARN_EMPTY_BODY = YES;
				CLANG_WARN_ENUM_CONVERSION = YES;
				CLANG_WARN_INFINITE_RECURSION = YES;
				CLANG_WARN_INT_CONVERSION = YES;
				CLANG_WARN_NON_LITERAL_NULL_CONVERSION = YES;
				CLANG_WARN_OBJC_IMPLICIT_RETAIN_SELF = YES;
				CLANG_WARN_OBJC_LITERAL_CONVERSION = YES;
				CLANG_WARN_OBJC_ROOT_CLASS = YES_ERROR;
				CLANG_WARN_QUOTED_INCLUDE_IN_FRAMEWORK_HEADER = YES;
				CLANG_WARN_RANGE_LOOP_ANALYSIS = YES;
				CLANG_WARN_STRICT_PROTOTYPES = YES;
				CLANG_WARN_SUSPICIOUS_MOVE = YES;
				CLANG_WARN_UNGUARDED_AVAILABILITY = YES_AGGRESSIVE;
				CLANG_WARN_UNREACHABLE_CODE = YES;
				CLANG_WARN__DUPLICATE_METHOD_MATCH = YES;
				COPY_PHASE_STRIP = NO;
				DEBUG_INFORMATION_FORMAT = "dwarf-with-dsym";
				ENABLE_NS_ASSERTIONS = NO;
				ENABLE_STRICT_OBJC_MSGSEND = YES;
				GCC_C_LANGUAGE_STANDARD = gnu11;
				GCC_NO_COMMON_BLOCKS = YES;
				GCC_WARN_64_TO_32_BIT_CONVERSION = YES;
				GCC_WARN_ABOUT_RETURN_TYPE = YES_ERROR;
				GCC_WARN_UNDECLARED_SELECTOR = YES;
				GCC_WARN_UNINITIALIZED_AUTOS = YES_AGGRESSIVE;
				GCC_WARN_UNUSED_FUNCTION = YES;
				GCC_WARN_UNUSED_VARIABLE = YES;
				IPHONEOS_DEPLOYMENT_TARGET = 15.2;
				MTL_ENABLE_DEBUG_INFO = NO;
				MTL_FAST_MATH = YES;
				SDKROOT = iphoneos;
				SWIFT_COMPILATION_MODE = wholemodule;
				SWIFT_OPTIMIZATION_LEVEL = "-O";
				VALIDATE_PRODUCT = YES;
			};
			name = Release;
		};
		695B44BA287D0F2800231694 /* Debug */ = {
			isa = XCBuildConfiguration;
			buildSettings = {
				ASSETCATALOG_COMPILER_APPICON_NAME = AppIcon;
				ASSETCATALOG_COMPILER_GLOBAL_ACCENT_COLOR_NAME = AccentColor;
				CODE_SIGN_STYLE = Automatic;
				CURRENT_PROJECT_VERSION = 1;
				DEVELOPMENT_ASSET_PATHS = "\"Learning-CoreML/Preview Content\"";
				DEVELOPMENT_TEAM = A2DNT83345;
				ENABLE_PREVIEWS = YES;
				GENERATE_INFOPLIST_FILE = YES;
				INFOPLIST_KEY_NSCameraUsageDescription = "Use camera for learning CoreML.";
				INFOPLIST_KEY_NSPhotoLibraryUsageDescription = "Use photo library for learning CoreML.";
				INFOPLIST_KEY_UIApplicationSceneManifest_Generation = YES;
				INFOPLIST_KEY_UIApplicationSupportsIndirectInputEvents = YES;
				INFOPLIST_KEY_UILaunchScreen_Generation = YES;
				INFOPLIST_KEY_UISupportedInterfaceOrientations_iPad = "UIInterfaceOrientationPortrait UIInterfaceOrientationPortraitUpsideDown UIInterfaceOrientationLandscapeLeft UIInterfaceOrientationLandscapeRight";
				INFOPLIST_KEY_UISupportedInterfaceOrientations_iPhone = "UIInterfaceOrientationPortrait UIInterfaceOrientationLandscapeLeft UIInterfaceOrientationLandscapeRight";
				LD_RUNPATH_SEARCH_PATHS = (
					"$(inherited)",
					"@executable_path/Frameworks",
				);
				MARKETING_VERSION = 1.0;
				PRODUCT_BUNDLE_IDENTIFIER = "com.nuttaponbuaban.Learning-CoreML";
				PRODUCT_NAME = "$(TARGET_NAME)";
				SWIFT_EMIT_LOC_STRINGS = YES;
				SWIFT_VERSION = 5.0;
				TARGETED_DEVICE_FAMILY = "1,2";
			};
			name = Debug;
		};
		695B44BB287D0F2800231694 /* Release */ = {
			isa = XCBuildConfiguration;
			buildSettings = {
				ASSETCATALOG_COMPILER_APPICON_NAME = AppIcon;
				ASSETCATALOG_COMPILER_GLOBAL_ACCENT_COLOR_NAME = AccentColor;
				CODE_SIGN_STYLE = Automatic;
				CURRENT_PROJECT_VERSION = 1;
				DEVELOPMENT_ASSET_PATHS = "\"Learning-CoreML/Preview Content\"";
				DEVELOPMENT_TEAM = A2DNT83345;
				ENABLE_PREVIEWS = YES;
				GENERATE_INFOPLIST_FILE = YES;
				INFOPLIST_KEY_NSCameraUsageDescription = "Use camera for learning CoreML.";
				INFOPLIST_KEY_NSPhotoLibraryUsageDescription = "Use photo library for learning CoreML.";
				INFOPLIST_KEY_UIApplicationSceneManifest_Generation = YES;
				INFOPLIST_KEY_UIApplicationSupportsIndirectInputEvents = YES;
				INFOPLIST_KEY_UILaunchScreen_Generation = YES;
				INFOPLIST_KEY_UISupportedInterfaceOrientations_iPad = "UIInterfaceOrientationPortrait UIInterfaceOrientationPortraitUpsideDown UIInterfaceOrientationLandscapeLeft UIInterfaceOrientationLandscapeRight";
				INFOPLIST_KEY_UISupportedInterfaceOrientations_iPhone = "UIInterfaceOrientationPortrait UIInterfaceOrientationLandscapeLeft UIInterfaceOrientationLandscapeRight";
				LD_RUNPATH_SEARCH_PATHS = (
					"$(inherited)",
					"@executable_path/Frameworks",
				);
				MARKETING_VERSION = 1.0;
				PRODUCT_BUNDLE_IDENTIFIER = "com.nuttaponbuaban.Learning-CoreML";
				PRODUCT_NAME = "$(TARGET_NAME)";
				SWIFT_EMIT_LOC_STRINGS = YES;
				SWIFT_VERSION = 5.0;
				TARGETED_DEVICE_FAMILY = "1,2";
			};
			name = Release;
		};
/* End XCBuildConfiguration section */

/* Begin XCConfigurationList section */
		695B44A6287D0F2600231694 /* Build configuration list for PBXProject "Learning-CoreML" */ = {
			isa = XCConfigurationList;
			buildConfigurations = (
				695B44B7287D0F2800231694 /* Debug */,
				695B44B8287D0F2800231694 /* Release */,
			);
			defaultConfigurationIsVisible = 0;
			defaultConfigurationName = Release;
		};
		695B44B9287D0F2800231694 /* Build configuration list for PBXNativeTarget "Learning-CoreML" */ = {
			isa = XCConfigurationList;
			buildConfigurations = (
				695B44BA287D0F2800231694 /* Debug */,
				695B44BB287D0F2800231694 /* Release */,
			);
			defaultConfigurationIsVisible = 0;
			defaultConfigurationName = Release;
		};
/* End XCConfigurationList section */
	};
	rootObject = 695B44A3287D0F2600231694 /* Project object */;
}
